
Microsoft Visual Studio Solution File, Format Version 12.00
# Visual Studio Version 16
VisualStudioVersion = 16.0.29102.190
MinimumVisualStudioVersion = 10.0.40219.1
Project("{FAE04EC0-301F-11D3-BF4B-00C04F79EFBC}") = "InterfacesTutorial", "InterfacesTutorial\InterfacesTutorial.csproj", "{BCFE70A2-BC22-45BA-A822-9C4CB93C9FB0}"
EndProject
Global
	GlobalSection(SolutionConfigurationPlatforms) = preSolution
		Debug|Any CPU = Debug|Any CPU
		Release|Any CPU = Release|Any CPU
	EndGlobalSection
	GlobalSection(ProjectConfigurationPlatforms) = postSolution
		{BCFE70A2-BC22-45BA-A822-9C4CB93C9FB0}.Debug|Any CPU.ActiveCfg = Debug|Any CPU
		{BCFE70A2-BC22-45BA-A822-9C4CB93C9FB0}.Debug|Any CPU.Build.0 = Debug|Any CPU
		{BCFE70A2-BC22-45BA-A822-9C4CB93C9FB0}.Release|Any CPU.ActiveCfg = Release|Any CPU
		{BCFE70A2-BC22-45BA-A822-9C4CB93C9FB0}.Release|Any CPU.Build.0 = Release|Any CPU
	EndGlobalSection
	GlobalSection(SolutionProperties) = preSolution
		HideSolutionNode = FALSE
	EndGlobalSection
	GlobalSection(ExtensibilityGlobals) = postSolution
		SolutionGuid = {9C9D4D0B-450F-4883-B5BC-03D1A4FC06B5}
	EndGlobalSection
EndGlobal
